
Microsoft Visual Studio Solution File, Format Version 12.00
# Visual Studio Version 16
VisualStudioVersion = 16.0.29503.13
MinimumVisualStudioVersion = 10.0.40219.1
Project("{9A19103F-16F7-4668-BE54-9A1E7A4F7556}") = "Thoughts", "Thoughts.csproj", "{C3D4CB5B-8901-4DE4-8B04-EC2865921C9F}"
	ProjectSection(ProjectDependencies) = postProject
		{12D09F9A-BF31-4071-B3E5-9DDD5E138747} = {12D09F9A-BF31-4071-B3E5-9DDD5E138747}
	EndProjectSection
EndProject
Project("{9A19103F-16F7-4668-BE54-9A1E7A4F7556}") = "CoreLibrary.Lib", "..\..\..\Desktop\st-1920-1-s2-pe-bull-dev\CoreLibrary.Lib\CoreLibrary.Lib.csproj", "{12D09F9A-BF31-4071-B3E5-9DDD5E138747}"
EndProject
Global
	GlobalSection(SolutionConfigurationPlatforms) = preSolution
		Debug|Any CPU = Debug|Any CPU
		Release|Any CPU = Release|Any CPU
	EndGlobalSection
	GlobalSection(ProjectConfigurationPlatforms) = postSolution
		{C3D4CB5B-8901-4DE4-8B04-EC2865921C9F}.Debug|Any CPU.ActiveCfg = Debug|Any CPU
		{C3D4CB5B-8901-4DE4-8B04-EC2865921C9F}.Debug|Any CPU.Build.0 = Debug|Any CPU
		{C3D4CB5B-8901-4DE4-8B04-EC2865921C9F}.Release|Any CPU.ActiveCfg = Release|Any CPU
		{C3D4CB5B-8901-4DE4-8B04-EC2865921C9F}.Release|Any CPU.Build.0 = Release|Any CPU
		{12D09F9A-BF31-4071-B3E5-9DDD5E138747}.Debug|Any CPU.ActiveCfg = Debug|Any CPU
		{12D09F9A-BF31-4071-B3E5-9DDD5E138747}.Debug|Any CPU.Build.0 = Debug|Any CPU
		{12D09F9A-BF31-4071-B3E5-9DDD5E138747}.Release|Any CPU.ActiveCfg = Release|Any CPU
		{12D09F9A-BF31-4071-B3E5-9DDD5E138747}.Release|Any CPU.Build.0 = Release|Any CPU
	EndGlobalSection
	GlobalSection(SolutionProperties) = preSolution
		HideSolutionNode = FALSE
	EndGlobalSection
	GlobalSection(ExtensibilityGlobals) = postSolution
		SolutionGuid = {5F772C14-B9FA-4BF3-BD7F-83FCC53C5653}
	EndGlobalSection
EndGlobal
